
Microsoft Visual Studio Solution File, Format Version 11.00
# Visual Studio 2010
Project("{FAE04EC0-301F-11D3-BF4B-00C04F79EFBC}") = "HackingSystem_2017", "Assembly-CSharp.csproj", "{0AE65641-2509-3EF5-7B52-DB6EA3435ABF}"
EndProject
Global
	GlobalSection(SolutionConfigurationPlatforms) = preSolution
		Debug|Any CPU = Debug|Any CPU
		Release|Any CPU = Release|Any CPU
	EndGlobalSection
	GlobalSection(ProjectConfigurationPlatforms) = postSolution
		{0AE65641-2509-3EF5-7B52-DB6EA3435ABF}.Debug|Any CPU.ActiveCfg = Debug|Any CPU
		{0AE65641-2509-3EF5-7B52-DB6EA3435ABF}.Debug|Any CPU.Build.0 = Debug|Any CPU
		{0AE65641-2509-3EF5-7B52-DB6EA3435ABF}.Release|Any CPU.ActiveCfg = Release|Any CPU
		{0AE65641-2509-3EF5-7B52-DB6EA3435ABF}.Release|Any CPU.Build.0 = Release|Any CPU
	EndGlobalSection
	GlobalSection(SolutionProperties) = preSolution
		HideSolutionNode = FALSE
	EndGlobalSection
	GlobalSection(MonoDevelopProperties) = preSolution
		StartupItem = Assembly-CSharp.csproj
	EndGlobalSection
EndGlobal
